
Microsoft Visual Studio Solution File, Format Version 12.00
# Visual Studio 15
VisualStudioVersion = 15.0.28010.0
MinimumVisualStudioVersion = 10.0.40219.1
Project("{FAE04EC0-301F-11D3-BF4B-00C04F79EFBC}") = "FormulaEvaluator", "FormulaEvaluator\FormulaEvaluator.csproj", "{CFC40FFA-7EA9-4A9C-A683-152A2AED477C}"
EndProject
Project("{FAE04EC0-301F-11D3-BF4B-00C04F79EFBC}") = "FormulaEvaluatorTests", "FormulaEvaluatorTests\FormulaEvaluatorTests.csproj", "{B77C5EDB-A268-40F5-AB5F-21BF582958D6}"
EndProject
Project("{FAE04EC0-301F-11D3-BF4B-00C04F79EFBC}") = "InstructorTests", "InstructorTests\InstructorTests.csproj", "{ABA1A12F-F1AE-4408-86B8-CC798883C760}"
EndProject
Global
	GlobalSection(SolutionConfigurationPlatforms) = preSolution
		Debug|Any CPU = Debug|Any CPU
		Release|Any CPU = Release|Any CPU
	EndGlobalSection
	GlobalSection(ProjectConfigurationPlatforms) = postSolution
		{CFC40FFA-7EA9-4A9C-A683-152A2AED477C}.Debug|Any CPU.ActiveCfg = Debug|Any CPU
		{CFC40FFA-7EA9-4A9C-A683-152A2AED477C}.Debug|Any CPU.Build.0 = Debug|Any CPU
		{CFC40FFA-7EA9-4A9C-A683-152A2AED477C}.Release|Any CPU.ActiveCfg = Release|Any CPU
		{CFC40FFA-7EA9-4A9C-A683-152A2AED477C}.Release|Any CPU.Build.0 = Release|Any CPU
		{B77C5EDB-A268-40F5-AB5F-21BF582958D6}.Debug|Any CPU.ActiveCfg = Debug|Any CPU
		{B77C5EDB-A268-40F5-AB5F-21BF582958D6}.Debug|Any CPU.Build.0 = Debug|Any CPU
		{B77C5EDB-A268-40F5-AB5F-21BF582958D6}.Release|Any CPU.ActiveCfg = Release|Any CPU
		{B77C5EDB-A268-40F5-AB5F-21BF582958D6}.Release|Any CPU.Build.0 = Release|Any CPU
		{ABA1A12F-F1AE-4408-86B8-CC798883C760}.Debug|Any CPU.ActiveCfg = Debug|Any CPU
		{ABA1A12F-F1AE-4408-86B8-CC798883C760}.Debug|Any CPU.Build.0 = Debug|Any CPU
		{ABA1A12F-F1AE-4408-86B8-CC798883C760}.Release|Any CPU.ActiveCfg = Release|Any CPU
		{ABA1A12F-F1AE-4408-86B8-CC798883C760}.Release|Any CPU.Build.0 = Release|Any CPU
	EndGlobalSection
	GlobalSection(SolutionProperties) = preSolution
		HideSolutionNode = FALSE
	EndGlobalSection
	GlobalSection(ExtensibilityGlobals) = postSolution
		SolutionGuid = {C213C9C2-340F-4F07-9B0D-B9EDB87A2A7D}
	EndGlobalSection
EndGlobal
